<?xml version="1.0" encoding="UTF-8" standalone="yes" ?>
<CodeBlocks_project_file>
	<FileVersion major="1" minor="6" />
	<Project>
		<Option title="hlbsp" />
		<Option pch_mode="2" />
		<Option compiler="gcc" />
		<Build>
			<Target title="Debug">
				<Option output="bin\Debug\hlbsp" prefix_auto="1" extension_auto="1" />
				<Option object_output="obj\Debug\" />
				<Option type="1" />
				<Option compiler="gcc" />
				<Compiler>
					<Add option="-g" />
				</Compiler>
			</Target>
			<Target title="Release">
				<Option output="bin\Release\hlbsp" prefix_auto="1" extension_auto="1" />
				<Option object_output="obj\Release\" />
				<Option type="1" />
				<Option compiler="gcc" />
				<Compiler>
					<Add option="-O2" />
					<Add option="-DNDEBUG" />
				</Compiler>
				<Linker>
					<Add option="-s" />
				</Linker>
			</Target>
		</Build>
		<Compiler>
			<Add option="-Wall" />
		</Compiler>
		<Linker>
			<Add library="gdi32" />
			<Add library="opengl32" />
			<Add library="glu32" />
			<Add library="winmm" />
		</Linker>
		<Unit filename="3dmath.cpp" />
		<Unit filename="3dmath.h" />
		<Unit filename="bspv30filedefs.h" />
		<Unit filename="camera.cpp" />
		<Unit filename="camera.h" />
		<Unit filename="entity.cpp" />
		<Unit filename="entity.h" />
		<Unit filename="font.cpp" />
		<Unit filename="font.h" />
		<Unit filename="glsl.cpp" />
		<Unit filename="glsl.h" />
		<Unit filename="gltexldr.cpp" />
		<Unit filename="gltexldr.h" />
		<Unit filename="hlbsp.cpp" />
		<Unit filename="hlbsp.h" />
		<Unit filename="imageio.cpp" />
		<Unit filename="imageio.h" />
		<Unit filename="inline.h" />
		<Unit filename="main.cpp" />
		<Unit filename="shader\main.frag" />
		<Unit filename="shader\main.vert" />
		<Unit filename="timer.cpp" />
		<Unit filename="timer.h" />
		<Unit filename="wad.cpp" />
		<Unit filename="wad.h" />
		<Extensions>
			<AutoVersioning>
				<Scheme minor_max="10" build_max="0" rev_max="0" rev_rand_max="10" build_times_to_increment_minor="100" />
				<Settings autoincrement="1" date_declarations="1" do_auto_increment="0" ask_to_increment="0" language="C++" svn="0" svn_directory="" header_path="version.h" />
				<Changes_Log show_changes_editor="0" app_title="released version %M.%m.%b of %p" changeslog_path="ChangesLog.txt" />
				<Code header_guard="VERSION_H" namespace="AutoVersion" prefix="" />
			</AutoVersioning>
			<code_completion />
			<envvars />
			<debugger />
		</Extensions>
	</Project>
</CodeBlocks_project_file>
